// !$*UTF8*$!
{
	archiveVersion = 1;
	classes = {
	};
	objectVersion = 50;
	objects = {

/* Begin PBXBuildFile section */
		04BC92C82288D2E400B858C8 /* AppDelegate.swift in Sources */ = {isa = PBXBuildFile; fileRef = 04BC92C72288D2E400B858C8 /* AppDelegate.swift */; };
		04BC92CD2288D2E400B858C8 /* Main.storyboard in Resources */ = {isa = PBXBuildFile; fileRef = 04BC92CB2288D2E400B858C8 /* Main.storyboard */; };
		04BC92CF2288D2EC00B858C8 /* Assets.xcassets in Resources */ = {isa = PBXBuildFile; fileRef = 04BC92CE2288D2EC00B858C8 /* Assets.xcassets */; };
		04BC92D22288D2EC00B858C8 /* LaunchScreen.storyboard in Resources */ = {isa = PBXBuildFile; fileRef = 04BC92D02288D2EC00B858C8 /* LaunchScreen.storyboard */; };
		04BC92DD2288D2ED00B858C8 /* ParstagramTests.swift in Sources */ = {isa = PBXBuildFile; fileRef = 04BC92DC2288D2ED00B858C8 /* ParstagramTests.swift */; };
		04BC92E82288D2ED00B858C8 /* ParstagramUITests.swift in Sources */ = {isa = PBXBuildFile; fileRef = 04BC92E72288D2ED00B858C8 /* ParstagramUITests.swift */; };
		04BC92F6228CC6F000B858C8 /* LoginViewController.swift in Sources */ = {isa = PBXBuildFile; fileRef = 04BC92F5228CC6F000B858C8 /* LoginViewController.swift */; };
		04BC92F8228CC70A00B858C8 /* FeedViewController.swift in Sources */ = {isa = PBXBuildFile; fileRef = 04BC92F7228CC70A00B858C8 /* FeedViewController.swift */; };
		04BC92FA228CD6C500B858C8 /* CameraViewController.swift in Sources */ = {isa = PBXBuildFile; fileRef = 04BC92F9228CD6C500B858C8 /* CameraViewController.swift */; };
		04BC92FC228CE47D00B858C8 /* PostCell.swift in Sources */ = {isa = PBXBuildFile; fileRef = 04BC92FB228CE47C00B858C8 /* PostCell.swift */; };
		04EEC1E22292103800A3FA9B /* CommentCell.swift in Sources */ = {isa = PBXBuildFile; fileRef = 04EEC1E12292103800A3FA9B /* CommentCell.swift */; };
		2533AC3CAE784122E278BACC /* Pods_Parstagram.framework in Frameworks */ = {isa = PBXBuildFile; fileRef = 89B0431BE90B73F5357F5CD6 /* Pods_Parstagram.framework */; };
		6FE293DF06759124DC0C733C /* Pods_ParstagramUITests.framework in Frameworks */ = {isa = PBXBuildFile; fileRef = ED1E0E37CDA638300102A136 /* Pods_ParstagramUITests.framework */; };
		73F2BB09855FEA3425342828 /* Pods_ParstagramTests.framework in Frameworks */ = {isa = PBXBuildFile; fileRef = DDD32E04B835B7CE501D5F29 /* Pods_ParstagramTests.framework */; };
/* End PBXBuildFile section */

/* Begin PBXContainerItemProxy section */
		04BC92D92288D2ED00B858C8 /* PBXContainerItemProxy */ = {
			isa = PBXContainerItemProxy;
			containerPortal = 04BC92BC2288D2E300B858C8 /* Project object */;
			proxyType = 1;
			remoteGlobalIDString = 04BC92C32288D2E400B858C8;
			remoteInfo = Parstagram;
		};
		04BC92E42288D2ED00B858C8 /* PBXContainerItemProxy */ = {
			isa = PBXContainerItemProxy;
			containerPortal = 04BC92BC2288D2E300B858C8 /* Project object */;
			proxyType = 1;
			remoteGlobalIDString = 04BC92C32288D2E400B858C8;
			remoteInfo = Parstagram;
		};
/* End PBXContainerItemProxy section */

/* Begin PBXFileReference section */
		04BC92C42288D2E400B858C8 /* Parstagram.app */ = {isa = PBXFileReference; explicitFileType = wrapper.application; includeInIndex = 0; path = Parstagram.app; sourceTree = BUILT_PRODUCTS_DIR; };
		04BC92C72288D2E400B858C8 /* AppDelegate.swift */ = {isa = PBXFileReference; lastKnownFileType = sourcecode.swift; path = AppDelegate.swift; sourceTree = "<group>"; };
		04BC92CC2288D2E400B858C8 /* Base */ = {isa = PBXFileReference; lastKnownFileType = file.storyboard; name = Base; path = Base.lproj/Main.storyboard; sourceTree = "<group>"; };
		04BC92CE2288D2EC00B858C8 /* Assets.xcassets */ = {isa = PBXFileReference; lastKnownFileType = folder.assetcatalog; path = Assets.xcassets; sourceTree = "<group>"; };
		04BC92D12288D2EC00B858C8 /* Base */ = {isa = PBXFileReference; lastKnownFileType = file.storyboard; name = Base; path = Base.lproj/LaunchScreen.storyboard; sourceTree = "<group>"; };
		04BC92D32288D2EC00B858C8 /* Info.plist */ = {isa = PBXFileReference; lastKnownFileType = text.plist.xml; path = Info.plist; sourceTree = "<group>"; };
		04BC92D82288D2ED00B858C8 /* ParstagramTests.xctest */ = {isa = PBXFileReference; explicitFileType = wrapper.cfbundle; includeInIndex = 0; path = ParstagramTests.xctest; sourceTree = BUILT_PRODUCTS_DIR; };
		04BC92DC2288D2ED00B858C8 /* ParstagramTests.swift */ = {isa = PBXFileReference; lastKnownFileType = sourcecode.swift; path = ParstagramTests.swift; sourceTree = "<group>"; };
		04BC92DE2288D2ED00B858C8 /* Info.plist */ = {isa = PBXFileReference; lastKnownFileType = text.plist.xml; path = Info.plist; sourceTree = "<group>"; };
		04BC92E32288D2ED00B858C8 /* ParstagramUITests.xctest */ = {isa = PBXFileReference; explicitFileType = wrapper.cfbundle; includeInIndex = 0; path = ParstagramUITests.xctest; sourceTree = BUILT_PRODUCTS_DIR; };
		04BC92E72288D2ED00B858C8 /* ParstagramUITests.swift */ = {isa = PBXFileReference; lastKnownFileType = sourcecode.swift; path = ParstagramUITests.swift; sourceTree = "<group>"; };
		04BC92E92288D2ED00B858C8 /* Info.plist */ = {isa = PBXFileReference; lastKnownFileType = text.plist.xml; path = Info.plist; sourceTree = "<group>"; };
		04BC92F5228CC6F000B858C8 /* LoginViewController.swift */ = {isa = PBXFileReference; lastKnownFileType = sourcecode.swift; path = LoginViewController.swift; sourceTree = "<group>"; };
		04BC92F7228CC70A00B858C8 /* FeedViewController.swift */ = {isa = PBXFileReference; lastKnownFileType = sourcecode.swift; path = FeedViewController.swift; sourceTree = "<group>"; };
		04BC92F9228CD6C500B858C8 /* CameraViewController.swift */ = {isa = PBXFileReference; lastKnownFileType = sourcecode.swift; path = CameraViewController.swift; sourceTree = "<group>"; };
		04BC92FB228CE47C00B858C8 /* PostCell.swift */ = {isa = PBXFileReference; lastKnownFileType = sourcecode.swift; path = PostCell.swift; sourceTree = "<group>"; };
		04EEC1E12292103800A3FA9B /* CommentCell.swift */ = {isa = PBXFileReference; lastKnownFileType = sourcecode.swift; path = CommentCell.swift; sourceTree = "<group>"; };
		4134E7F867503768C554A82D /* Pods-ParstagramUITests.release.xcconfig */ = {isa = PBXFileReference; includeInIndex = 1; lastKnownFileType = text.xcconfig; name = "Pods-ParstagramUITests.release.xcconfig"; path = "Target Support Files/Pods-ParstagramUITests/Pods-ParstagramUITests.release.xcconfig"; sourceTree = "<group>"; };
		6F0E72804C6938A837210501 /* Pods-Parstagram.release.xcconfig */ = {isa = PBXFileReference; includeInIndex = 1; lastKnownFileType = text.xcconfig; name = "Pods-Parstagram.release.xcconfig"; path = "Target Support Files/Pods-Parstagram/Pods-Parstagram.release.xcconfig"; sourceTree = "<group>"; };
		89B0431BE90B73F5357F5CD6 /* Pods_Parstagram.framework */ = {isa = PBXFileReference; explicitFileType = wrapper.framework; includeInIndex = 0; path = Pods_Parstagram.framework; sourceTree = BUILT_PRODUCTS_DIR; };
		91CE7043F4E0F9D33F1B5961 /* Pods-ParstagramUITests.debug.xcconfig */ = {isa = PBXFileReference; includeInIndex = 1; lastKnownFileType = text.xcconfig; name = "Pods-ParstagramUITests.debug.xcconfig"; path = "Target Support Files/Pods-ParstagramUITests/Pods-ParstagramUITests.debug.xcconfig"; sourceTree = "<group>"; };
		C0FFE6C7F2C3205238DFF792 /* Pods-ParstagramTests.debug.xcconfig */ = {isa = PBXFileReference; includeInIndex = 1; lastKnownFileType = text.xcconfig; name = "Pods-ParstagramTests.debug.xcconfig"; path = "Target Support Files/Pods-ParstagramTests/Pods-ParstagramTests.debug.xcconfig"; sourceTree = "<group>"; };
		D9E8BFBCCD04BCA0EC6ADFFB /* Pods-ParstagramTests.release.xcconfig */ = {isa = PBXFileReference; includeInIndex = 1; lastKnownFileType = text.xcconfig; name = "Pods-ParstagramTests.release.xcconfig"; path = "Target Support Files/Pods-ParstagramTests/Pods-ParstagramTests.release.xcconfig"; sourceTree = "<group>"; };
		DDD32E04B835B7CE501D5F29 /* Pods_ParstagramTests.framework */ = {isa = PBXFileReference; explicitFileType = wrapper.framework; includeInIndex = 0; path = Pods_ParstagramTests.framework; sourceTree = BUILT_PRODUCTS_DIR; };
		EB01DED8E97796EE57EF950C /* Pods-Parstagram.debug.xcconfig */ = {isa = PBXFileReference; includeInIndex = 1; lastKnownFileType = text.xcconfig; name = "Pods-Parstagram.debug.xcconfig"; path = "Target Support Files/Pods-Parstagram/Pods-Parstagram.debug.xcconfig"; sourceTree = "<group>"; };
		ED1E0E37CDA638300102A136 /* Pods_ParstagramUITests.framework */ = {isa = PBXFileReference; explicitFileType = wrapper.framework; includeInIndex = 0; path = Pods_ParstagramUITests.framework; sourceTree = BUILT_PRODUCTS_DIR; };
/* End PBXFileReference section */

/* Begin PBXFrameworksBuildPhase section */
		04BC92C12288D2E400B858C8 /* Frameworks */ = {
			isa = PBXFrameworksBuildPhase;
			buildActionMask = 2147483647;
			files = (
				2533AC3CAE784122E278BACC /* Pods_Parstagram.framework in Frameworks */,
			);
			runOnlyForDeploymentPostprocessing = 0;
		};
		04BC92D52288D2ED00B858C8 /* Frameworks */ = {
			isa = PBXFrameworksBuildPhase;
			buildActionMask = 2147483647;
			files = (
				73F2BB09855FEA3425342828 /* Pods_ParstagramTests.framework in Frameworks */,
			);
			runOnlyForDeploymentPostprocessing = 0;
		};
		04BC92E02288D2ED00B858C8 /* Frameworks */ = {
			isa = PBXFrameworksBuildPhase;
			buildActionMask = 2147483647;
			files = (
				6FE293DF06759124DC0C733C /* Pods_ParstagramUITests.framework in Frameworks */,
			);
			runOnlyForDeploymentPostprocessing = 0;
		};
/* End PBXFrameworksBuildPhase section */

/* Begin PBXGroup section */
		04BC92BB2288D2E300B858C8 = {
			isa = PBXGroup;
			children = (
				04BC92C62288D2E400B858C8 /* Parstagram */,
				04BC92DB2288D2ED00B858C8 /* ParstagramTests */,
				04BC92E62288D2ED00B858C8 /* ParstagramUITests */,
				04BC92C52288D2E400B858C8 /* Products */,
				18D8BDF20E2A181CC0EE702C /* Pods */,
				1807817ABF4F915136F8092D /* Frameworks */,
			);
			sourceTree = "<group>";
		};
		04BC92C52288D2E400B858C8 /* Products */ = {
			isa = PBXGroup;
			children = (
				04BC92C42288D2E400B858C8 /* Parstagram.app */,
				04BC92D82288D2ED00B858C8 /* ParstagramTests.xctest */,
				04BC92E32288D2ED00B858C8 /* ParstagramUITests.xctest */,
			);
			name = Products;
			sourceTree = "<group>";
		};
		04BC92C62288D2E400B858C8 /* Parstagram */ = {
			isa = PBXGroup;
			children = (
				04BC92C72288D2E400B858C8 /* AppDelegate.swift */,
				04BC92CB2288D2E400B858C8 /* Main.storyboard */,
				04BC92CE2288D2EC00B858C8 /* Assets.xcassets */,
				04BC92D02288D2EC00B858C8 /* LaunchScreen.storyboard */,
				04BC92D32288D2EC00B858C8 /* Info.plist */,
				04BC92F5228CC6F000B858C8 /* LoginViewController.swift */,
				04BC92F7228CC70A00B858C8 /* FeedViewController.swift */,
				04BC92F9228CD6C500B858C8 /* CameraViewController.swift */,
				04BC92FB228CE47C00B858C8 /* PostCell.swift */,
				04EEC1E12292103800A3FA9B /* CommentCell.swift */,
			);
			path = Parstagram;
			sourceTree = "<group>";
		};
		04BC92DB2288D2ED00B858C8 /* ParstagramTests */ = {
			isa = PBXGroup;
			children = (
				04BC92DC2288D2ED00B858C8 /* ParstagramTests.swift */,
				04BC92DE2288D2ED00B858C8 /* Info.plist */,
			);
			path = ParstagramTests;
			sourceTree = "<group>";
		};
		04BC92E62288D2ED00B858C8 /* ParstagramUITests */ = {
			isa = PBXGroup;
			children = (
				04BC92E72288D2ED00B858C8 /* ParstagramUITests.swift */,
				04BC92E92288D2ED00B858C8 /* Info.plist */,
			);
			path = ParstagramUITests;
			sourceTree = "<group>";
		};
		1807817ABF4F915136F8092D /* Frameworks */ = {
			isa = PBXGroup;
			children = (
				89B0431BE90B73F5357F5CD6 /* Pods_Parstagram.framework */,
				DDD32E04B835B7CE501D5F29 /* Pods_ParstagramTests.framework */,
				ED1E0E37CDA638300102A136 /* Pods_ParstagramUITests.framework */,
			);
			name = Frameworks;
			sourceTree = "<group>";
		};
		18D8BDF20E2A181CC0EE702C /* Pods */ = {
			isa = PBXGroup;
			children = (
				EB01DED8E97796EE57EF950C /* Pods-Parstagram.debug.xcconfig */,
				6F0E72804C6938A837210501 /* Pods-Parstagram.release.xcconfig */,
				C0FFE6C7F2C3205238DFF792 /* Pods-ParstagramTests.debug.xcconfig */,
				D9E8BFBCCD04BCA0EC6ADFFB /* Pods-ParstagramTests.release.xcconfig */,
				91CE7043F4E0F9D33F1B5961 /* Pods-ParstagramUITests.debug.xcconfig */,
				4134E7F867503768C554A82D /* Pods-ParstagramUITests.release.xcconfig */,
			);
			path = Pods;
			sourceTree = "<group>";
		};
/* End PBXGroup section */

/* Begin PBXNativeTarget section */
		04BC92C32288D2E400B858C8 /* Parstagram */ = {
			isa = PBXNativeTarget;
			buildConfigurationList = 04BC92EC2288D2ED00B858C8 /* Build configuration list for PBXNativeTarget "Parstagram" */;
			buildPhases = (
				AB9C0C788E523D6F580BA876 /* [CP] Check Pods Manifest.lock */,
				04BC92C02288D2E400B858C8 /* Sources */,
				04BC92C12288D2E400B858C8 /* Frameworks */,
				04BC92C22288D2E400B858C8 /* Resources */,
				69F94BBA769DE043658776D2 /* [CP] Embed Pods Frameworks */,
			);
			buildRules = (
			);
			dependencies = (
			);
			name = Parstagram;
			productName = Parstagram;
			productReference = 04BC92C42288D2E400B858C8 /* Parstagram.app */;
			productType = "com.apple.product-type.application";
		};
		04BC92D72288D2ED00B858C8 /* ParstagramTests */ = {
			isa = PBXNativeTarget;
			buildConfigurationList = 04BC92EF2288D2ED00B858C8 /* Build configuration list for PBXNativeTarget "ParstagramTests" */;
			buildPhases = (
				484FEF4838C15ED81B4F14EE /* [CP] Check Pods Manifest.lock */,
				04BC92D42288D2ED00B858C8 /* Sources */,
				04BC92D52288D2ED00B858C8 /* Frameworks */,
				04BC92D62288D2ED00B858C8 /* Resources */,
			);
			buildRules = (
			);
			dependencies = (
				04BC92DA2288D2ED00B858C8 /* PBXTargetDependency */,
			);
			name = ParstagramTests;
			productName = ParstagramTests;
			productReference = 04BC92D82288D2ED00B858C8 /* ParstagramTests.xctest */;
			productType = "com.apple.product-type.bundle.unit-test";
		};
		04BC92E22288D2ED00B858C8 /* ParstagramUITests */ = {
			isa = PBXNativeTarget;
			buildConfigurationList = 04BC92F22288D2ED00B858C8 /* Build configuration list for PBXNativeTarget "ParstagramUITests" */;
			buildPhases = (
				F759D912FFC37DF6E052E95D /* [CP] Check Pods Manifest.lock */,
				04BC92DF2288D2ED00B858C8 /* Sources */,
				04BC92E02288D2ED00B858C8 /* Frameworks */,
				04BC92E12288D2ED00B858C8 /* Resources */,
			);
			buildRules = (
			);
			dependencies = (
				04BC92E52288D2ED00B858C8 /* PBXTargetDependency */,
			);
			name = ParstagramUITests;
			productName = ParstagramUITests;
			productReference = 04BC92E32288D2ED00B858C8 /* ParstagramUITests.xctest */;
			productType = "com.apple.product-type.bundle.ui-testing";
		};
/* End PBXNativeTarget section */

/* Begin PBXProject section */
		04BC92BC2288D2E300B858C8 /* Project object */ = {
			isa = PBXProject;
			attributes = {
				LastSwiftUpdateCheck = 1020;
				LastUpgradeCheck = 1020;
				ORGANIZATIONNAME = "Peter Gu";
				TargetAttributes = {
					04BC92C32288D2E400B858C8 = {
						CreatedOnToolsVersion = 10.2.1;
					};
					04BC92D72288D2ED00B858C8 = {
						CreatedOnToolsVersion = 10.2.1;
						TestTargetID = 04BC92C32288D2E400B858C8;
					};
					04BC92E22288D2ED00B858C8 = {
						CreatedOnToolsVersion = 10.2.1;
						TestTargetID = 04BC92C32288D2E400B858C8;
					};
				};
			};
			buildConfigurationList = 04BC92BF2288D2E400B858C8 /* Build configuration list for PBXProject "Parstagram" */;
			compatibilityVersion = "Xcode 9.3";
			developmentRegion = en;
			hasScannedForEncodings = 0;
			knownRegions = (
				en,
				Base,
			);
			mainGroup = 04BC92BB2288D2E300B858C8;
			productRefGroup = 04BC92C52288D2E400B858C8 /* Products */;
			projectDirPath = "";
			projectRoot = "";
			targets = (
				04BC92C32288D2E400B858C8 /* Parstagram */,
				04BC92D72288D2ED00B858C8 /* ParstagramTests */,
				04BC92E22288D2ED00B858C8 /* ParstagramUITests */,
			);
		};
/* End PBXProject section */

/* Begin PBXResourcesBuildPhase section */
		04BC92C22288D2E400B858C8 /* Resources */ = {
			isa = PBXResourcesBuildPhase;
			buildActionMask = 2147483647;
			files = (
				04BC92D22288D2EC00B858C8 /* LaunchScreen.storyboard in Resources */,
				04BC92CF2288D2EC00B858C8 /* Assets.xcassets in Resources */,
				04BC92CD2288D2E400B858C8 /* Main.storyboard in Resources */,
			);
			runOnlyForDeploymentPostprocessing = 0;
		};
		04BC92D62288D2ED00B858C8 /* Resources */ = {
			isa = PBXResourcesBuildPhase;
			buildActionMask = 2147483647;
			files = (
			);
			runOnlyForDeploymentPostprocessing = 0;
		};
		04BC92E12288D2ED00B858C8 /* Resources */ = {
			isa = PBXResourcesBuildPhase;
			buildActionMask = 2147483647;
			files = (
			);
			runOnlyForDeploymentPostprocessing = 0;
		};
/* End PBXResourcesBuildPhase section */

/* Begin PBXShellScriptBuildPhase section */
		484FEF4838C15ED81B4F14EE /* [CP] Check Pods Manifest.lock */ = {
			isa = PBXShellScriptBuildPhase;
			buildActionMask = 2147483647;
			files = (
			);
			inputFileListPaths = (
			);
			inputPaths = (
				"${PODS_PODFILE_DIR_PATH}/Podfile.lock",
				"${PODS_ROOT}/Manifest.lock",
			);
			name = "[CP] Check Pods Manifest.lock";
			outputFileListPaths = (
			);
			outputPaths = (
				"$(DERIVED_FILE_DIR)/Pods-ParstagramTests-checkManifestLockResult.txt",
			);
			runOnlyForDeploymentPostprocessing = 0;
			shellPath = /bin/sh;
			shellScript = "diff \"${PODS_PODFILE_DIR_PATH}/Podfile.lock\" \"${PODS_ROOT}/Manifest.lock\" > /dev/null\nif [ $? != 0 ] ; then\n    # print error to STDERR\n    echo \"error: The sandbox is not in sync with the Podfile.lock. Run 'pod install' or update your CocoaPods installation.\" >&2\n    exit 1\nfi\n# This output is used by Xcode 'outputs' to avoid re-running this script phase.\necho \"SUCCESS\" > \"${SCRIPT_OUTPUT_FILE_0}\"\n";
			showEnvVarsInLog = 0;
		};
		69F94BBA769DE043658776D2 /* [CP] Embed Pods Frameworks */ = {
			isa = PBXShellScriptBuildPhase;
			buildActionMask = 2147483647;
			files = (
			);
			inputFileListPaths = (
			);
			inputPaths = (
				"${PODS_ROOT}/Target Support Files/Pods-Parstagram/Pods-Parstagram-frameworks.sh",
				"${BUILT_PRODUCTS_DIR}/Alamofire/Alamofire.framework",
				"${BUILT_PRODUCTS_DIR}/AlamofireImage/AlamofireImage.framework",
				"${BUILT_PRODUCTS_DIR}/Bolts/Bolts.framework",
				"${BUILT_PRODUCTS_DIR}/MessageInputBar/MessageInputBar.framework",
				"${BUILT_PRODUCTS_DIR}/Parse/Parse.framework",
			);
			name = "[CP] Embed Pods Frameworks";
			outputFileListPaths = (
			);
			outputPaths = (
				"${TARGET_BUILD_DIR}/${FRAMEWORKS_FOLDER_PATH}/Alamofire.framework",
				"${TARGET_BUILD_DIR}/${FRAMEWORKS_FOLDER_PATH}/AlamofireImage.framework",
				"${TARGET_BUILD_DIR}/${FRAMEWORKS_FOLDER_PATH}/Bolts.framework",
				"${TARGET_BUILD_DIR}/${FRAMEWORKS_FOLDER_PATH}/MessageInputBar.framework",
				"${TARGET_BUILD_DIR}/${FRAMEWORKS_FOLDER_PATH}/Parse.framework",
			);
			runOnlyForDeploymentPostprocessing = 0;
			shellPath = /bin/sh;
			shellScript = "\"${PODS_ROOT}/Target Support Files/Pods-Parstagram/Pods-Parstagram-frameworks.sh\"\n";
			showEnvVarsInLog = 0;
		};
		AB9C0C788E523D6F580BA876 /* [CP] Check Pods Manifest.lock */ = {
			isa = PBXShellScriptBuildPhase;
			buildActionMask = 2147483647;
			files = (
			);
			inputFileListPaths = (
			);
			inputPaths = (
				"${PODS_PODFILE_DIR_PATH}/Podfile.lock",
				"${PODS_ROOT}/Manifest.lock",
			);
			name = "[CP] Check Pods Manifest.lock";
			outputFileListPaths = (
			);
			outputPaths = (
				"$(DERIVED_FILE_DIR)/Pods-Parstagram-checkManifestLockResult.txt",
			);
			runOnlyForDeploymentPostprocessing = 0;
			shellPath = /bin/sh;
			shellScript = "diff \"${PODS_PODFILE_DIR_PATH}/Podfile.lock\" \"${PODS_ROOT}/Manifest.lock\" > /dev/null\nif [ $? != 0 ] ; then\n    # print error to STDERR\n    echo \"error: The sandbox is not in sync with the Podfile.lock. Run 'pod install' or update your CocoaPods installation.\" >&2\n    exit 1\nfi\n# This output is used by Xcode 'outputs' to avoid re-running this script phase.\necho \"SUCCESS\" > \"${SCRIPT_OUTPUT_FILE_0}\"\n";
			showEnvVarsInLog = 0;
		};
		F759D912FFC37DF6E052E95D /* [CP] Check Pods Manifest.lock */ = {
			isa = PBXShellScriptBuildPhase;
			buildActionMask = 2147483647;
			files = (
			);
			inputFileListPaths = (
			);
			inputPaths = (
				"${PODS_PODFILE_DIR_PATH}/Podfile.lock",
				"${PODS_ROOT}/Manifest.lock",
			);
			name = "[CP] Check Pods Manifest.lock";
			outputFileListPaths = (
			);
			outputPaths = (
				"$(DERIVED_FILE_DIR)/Pods-ParstagramUITests-checkManifestLockResult.txt",
			);
			runOnlyForDeploymentPostprocessing = 0;
			shellPath = /bin/sh;
			shellScript = "diff \"${PODS_PODFILE_DIR_PATH}/Podfile.lock\" \"${PODS_ROOT}/Manifest.lock\" > /dev/null\nif [ $? != 0 ] ; then\n    # print error to STDERR\n    echo \"error: The sandbox is not in sync with the Podfile.lock. Run 'pod install' or update your CocoaPods installation.\" >&2\n    exit 1\nfi\n# This output is used by Xcode 'outputs' to avoid re-running this script phase.\necho \"SUCCESS\" > \"${SCRIPT_OUTPUT_FILE_0}\"\n";
			showEnvVarsInLog = 0;
		};
/* End PBXShellScriptBuildPhase section */

/* Begin PBXSourcesBuildPhase section */
		04BC92C02288D2E400B858C8 /* Sources */ = {
			isa = PBXSourcesBuildPhase;
			buildActionMask = 2147483647;
			files = (
				04BC92F6228CC6F000B858C8 /* LoginViewController.swift in Sources */,
				04BC92FA228CD6C500B858C8 /* CameraViewController.swift in Sources */,
				04BC92F8228CC70A00B858C8 /* FeedViewController.swift in Sources */,
				04BC92C82288D2E400B858C8 /* AppDelegate.swift in Sources */,
				04BC92FC228CE47D00B858C8 /* PostCell.swift in Sources */,
				04EEC1E22292103800A3FA9B /* CommentCell.swift in Sources */,
			);
			runOnlyForDeploymentPostprocessing = 0;
		};
		04BC92D42288D2ED00B858C8 /* Sources */ = {
			isa = PBXSourcesBuildPhase;
			buildActionMask = 2147483647;
			files = (
				04BC92DD2288D2ED00B858C8 /* ParstagramTests.swift in Sources */,
			);
			runOnlyForDeploymentPostprocessing = 0;
		};
		04BC92DF2288D2ED00B858C8 /* Sources */ = {
			isa = PBXSourcesBuildPhase;
			buildActionMask = 2147483647;
			files = (
				04BC92E82288D2ED00B858C8 /* ParstagramUITests.swift in Sources */,
			);
			runOnlyForDeploymentPostprocessing = 0;
		};
/* End PBXSourcesBuildPhase section */

/* Begin PBXTargetDependency section */
		04BC92DA2288D2ED00B858C8 /* PBXTargetDependency */ = {
			isa = PBXTargetDependency;
			target = 04BC92C32288D2E400B858C8 /* Parstagram */;
			targetProxy = 04BC92D92288D2ED00B858C8 /* PBXContainerItemProxy */;
		};
		04BC92E52288D2ED00B858C8 /* PBXTargetDependency */ = {
			isa = PBXTargetDependency;
			target = 04BC92C32288D2E400B858C8 /* Parstagram */;
			targetProxy = 04BC92E42288D2ED00B858C8 /* PBXContainerItemProxy */;
		};
/* End PBXTargetDependency section */

/* Begin PBXVariantGroup section */
		04BC92CB2288D2E400B858C8 /* Main.storyboard */ = {
			isa = PBXVariantGroup;
			children = (
				04BC92CC2288D2E400B858C8 /* Base */,
			);
			name = Main.storyboard;
			sourceTree = "<group>";
		};
		04BC92D02288D2EC00B858C8 /* LaunchScreen.storyboard */ = {
			isa = PBXVariantGroup;
			children = (
				04BC92D12288D2EC00B858C8 /* Base */,
			);
			name = LaunchScreen.storyboard;
			sourceTree = "<group>";
		};
/* End PBXVariantGroup section */

/* Begin XCBuildConfiguration section */
		04BC92EA2288D2ED00B858C8 /* Debug */ = {
			isa = XCBuildConfiguration;
			buildSettings = {
				ALWAYS_SEARCH_USER_PATHS = NO;
				CLANG_ANALYZER_NONNULL = YES;
				CLANG_ANALYZER_NUMBER_OBJECT_CONVERSION = YES_AGGRESSIVE;
				CLANG_CXX_LANGUAGE_STANDARD = "gnu++14";
				CLANG_CXX_LIBRARY = "libc++";
				CLANG_ENABLE_MODULES = YES;
				CLANG_ENABLE_OBJC_ARC = YES;
				CLANG_ENABLE_OBJC_WEAK = YES;
				CLANG_WARN_BLOCK_CAPTURE_AUTORELEASING = YES;
				CLANG_WARN_BOOL_CONVERSION = YES;
				CLANG_WARN_COMMA = YES;
				CLANG_WARN_CONSTANT_CONVERSION = YES;
				CLANG_WARN_DEPRECATED_OBJC_IMPLEMENTATIONS = YES;
				CLANG_WARN_DIRECT_OBJC_ISA_USAGE = YES_ERROR;
				CLANG_WARN_DOCUMENTATION_COMMENTS = YES;
				CLANG_WARN_EMPTY_BODY = YES;
				CLANG_WARN_ENUM_CONVERSION = YES;
				CLANG_WARN_INFINITE_RECURSION = YES;
				CLANG_WARN_INT_CONVERSION = YES;
				CLANG_WARN_NON_LITERAL_NULL_CONVERSION = YES;
				CLANG_WARN_OBJC_IMPLICIT_RETAIN_SELF = YES;
				CLANG_WARN_OBJC_LITERAL_CONVERSION = YES;
				CLANG_WARN_OBJC_ROOT_CLASS = YES_ERROR;
				CLANG_WARN_RANGE_LOOP_ANALYSIS = YES;
				CLANG_WARN_STRICT_PROTOTYPES = YES;
				CLANG_WARN_SUSPICIOUS_MOVE = YES;
				CLANG_WARN_UNGUARDED_AVAILABILITY = YES_AGGRESSIVE;
				CLANG_WARN_UNREACHABLE_CODE = YES;
				CLANG_WARN__DUPLICATE_METHOD_MATCH = YES;
				CODE_SIGN_IDENTITY = "iPhone Developer";
				COPY_PHASE_STRIP = NO;
				DEBUG_INFORMATION_FORMAT = dwarf;
				ENABLE_STRICT_OBJC_MSGSEND = YES;
				ENABLE_TESTABILITY = YES;
				GCC_C_LANGUAGE_STANDARD = gnu11;
				GCC_DYNAMIC_NO_PIC = NO;
				GCC_NO_COMMON_BLOCKS = YES;
				GCC_OPTIMIZATION_LEVEL = 0;
				GCC_PREPROCESSOR_DEFINITIONS = (
					"DEBUG=1",
					"$(inherited)",
				);
				GCC_WARN_64_TO_32_BIT_CONVERSION = YES;
				GCC_WARN_ABOUT_RETURN_TYPE = YES_ERROR;
				GCC_WARN_UNDECLARED_SELECTOR = YES;
				GCC_WARN_UNINITIALIZED_AUTOS = YES_AGGRESSIVE;
				GCC_WARN_UNUSED_FUNCTION = YES;
				GCC_WARN_UNUSED_VARIABLE = YES;
				IPHONEOS_DEPLOYMENT_TARGET = 12.2;
				MTL_ENABLE_DEBUG_INFO = INCLUDE_SOURCE;
				MTL_FAST_MATH = YES;
				ONLY_ACTIVE_ARCH = YES;
				SDKROOT = iphoneos;
				SWIFT_ACTIVE_COMPILATION_CONDITIONS = DEBUG;
				SWIFT_OPTIMIZATION_LEVEL = "-Onone";
			};
			name = Debug;
		};
		04BC92EB2288D2ED00B858C8 /* Release */ = {
			isa = XCBuildConfiguration;
			buildSettings = {
				ALWAYS_SEARCH_USER_PATHS = NO;
				CLANG_ANALYZER_NONNULL = YES;
				CLANG_ANALYZER_NUMBER_OBJECT_CONVERSION = YES_AGGRESSIVE;
				CLANG_CXX_LANGUAGE_STANDARD = "gnu++14";
				CLANG_CXX_LIBRARY = "libc++";
				CLANG_ENABLE_MODULES = YES;
				CLANG_ENABLE_OBJC_ARC = YES;
				CLANG_ENABLE_OBJC_WEAK = YES;
				CLANG_WARN_BLOCK_CAPTURE_AUTORELEASING = YES;
				CLANG_WARN_BOOL_CONVERSION = YES;
				CLANG_WARN_COMMA = YES;
				CLANG_WARN_CONSTANT_CONVERSION = YES;
				CLANG_WARN_DEPRECATED_OBJC_IMPLEMENTATIONS = YES;
				CLANG_WARN_DIRECT_OBJC_ISA_USAGE = YES_ERROR;
				CLANG_WARN_DOCUMENTATION_COMMENTS = YES;
				CLANG_WARN_EMPTY_BODY = YES;
				CLANG_WARN_ENUM_CONVERSION = YES;
				CLANG_WARN_INFINITE_RECURSION = YES;
				CLANG_WARN_INT_CONVERSION = YES;
				CLANG_WARN_NON_LITERAL_NULL_CONVERSION = YES;
				CLANG_WARN_OBJC_IMPLICIT_RETAIN_SELF = YES;
				CLANG_WARN_OBJC_LITERAL_CONVERSION = YES;
				CLANG_WARN_OBJC_ROOT_CLASS = YES_ERROR;
				CLANG_WARN_RANGE_LOOP_ANALYSIS = YES;
				CLANG_WARN_STRICT_PROTOTYPES = YES;
				CLANG_WARN_SUSPICIOUS_MOVE = YES;
				CLANG_WARN_UNGUARDED_AVAILABILITY = YES_AGGRESSIVE;
				CLANG_WARN_UNREACHABLE_CODE = YES;
				CLANG_WARN__DUPLICATE_METHOD_MATCH = YES;
				CODE_SIGN_IDENTITY = "iPhone Developer";
				COPY_PHASE_STRIP = NO;
				DEBUG_INFORMATION_FORMAT = "dwarf-with-dsym";
				ENABLE_NS_ASSERTIONS = NO;
				ENABLE_STRICT_OBJC_MSGSEND = YES;
				GCC_C_LANGUAGE_STANDARD = gnu11;
				GCC_NO_COMMON_BLOCKS = YES;
				GCC_WARN_64_TO_32_BIT_CONVERSION = YES;
				GCC_WARN_ABOUT_RETURN_TYPE = YES_ERROR;
				GCC_WARN_UNDECLARED_SELECTOR = YES;
				GCC_WARN_UNINITIALIZED_AUTOS = YES_AGGRESSIVE;
				GCC_WARN_UNUSED_FUNCTION = YES;
				GCC_WARN_UNUSED_VARIABLE = YES;
				IPHONEOS_DEPLOYMENT_TARGET = 12.2;
				MTL_ENABLE_DEBUG_INFO = NO;
				MTL_FAST_MATH = YES;
				SDKROOT = iphoneos;
				SWIFT_COMPILATION_MODE = wholemodule;
				SWIFT_OPTIMIZATION_LEVEL = "-O";
				VALIDATE_PRODUCT = YES;
			};
			name = Release;
		};
		04BC92ED2288D2ED00B858C8 /* Debug */ = {
			isa = XCBuildConfiguration;
			baseConfigurationReference = EB01DED8E97796EE57EF950C /* Pods-Parstagram.debug.xcconfig */;
			buildSettings = {
				ASSETCATALOG_COMPILER_APPICON_NAME = AppIcon;
				CODE_SIGN_STYLE = Automatic;
				DEVELOPMENT_TEAM = VY257UFD72;
				INFOPLIST_FILE = Parstagram/Info.plist;
				LD_RUNPATH_SEARCH_PATHS = (
					"$(inherited)",
					"@executable_path/Frameworks",
				);
				PRODUCT_BUNDLE_IDENTIFIER = com.leafish.Parstagram;
				PRODUCT_NAME = "$(TARGET_NAME)";
				SWIFT_VERSION = 5.0;
				TARGETED_DEVICE_FAMILY = "1,2";
			};
			name = Debug;
		};
		04BC92EE2288D2ED00B858C8 /* Release */ = {
			isa = XCBuildConfiguration;
			baseConfigurationReference = 6F0E72804C6938A837210501 /* Pods-Parstagram.release.xcconfig */;
			buildSettings = {
				ASSETCATALOG_COMPILER_APPICON_NAME = AppIcon;
				CODE_SIGN_STYLE = Automatic;
				DEVELOPMENT_TEAM = VY257UFD72;
				INFOPLIST_FILE = Parstagram/Info.plist;
				LD_RUNPATH_SEARCH_PATHS = (
					"$(inherited)",
					"@executable_path/Frameworks",
				);
				PRODUCT_BUNDLE_IDENTIFIER = com.leafish.Parstagram;
				PRODUCT_NAME = "$(TARGET_NAME)";
				SWIFT_VERSION = 5.0;
				TARGETED_DEVICE_FAMILY = "1,2";
			};
			name = Release;
		};
		04BC92F02288D2ED00B858C8 /* Debug */ = {
			isa = XCBuildConfiguration;
			baseConfigurationReference = C0FFE6C7F2C3205238DFF792 /* Pods-ParstagramTests.debug.xcconfig */;
			buildSettings = {
				ALWAYS_EMBED_SWIFT_STANDARD_LIBRARIES = YES;
				BUNDLE_LOADER = "$(TEST_HOST)";
				CODE_SIGN_STYLE = Automatic;
				INFOPLIST_FILE = ParstagramTests/Info.plist;
				LD_RUNPATH_SEARCH_PATHS = (
					"$(inherited)",
					"@executable_path/Frameworks",
					"@loader_path/Frameworks",
				);
				PRODUCT_BUNDLE_IDENTIFIER = com.leafish.ParstagramTests;
				PRODUCT_NAME = "$(TARGET_NAME)";
				SWIFT_VERSION = 5.0;
				TARGETED_DEVICE_FAMILY = "1,2";
				TEST_HOST = "$(BUILT_PRODUCTS_DIR)/Parstagram.app/Parstagram";
			};
			name = Debug;
		};
		04BC92F12288D2ED00B858C8 /* Release */ = {
			isa = XCBuildConfiguration;
			baseConfigurationReference = D9E8BFBCCD04BCA0EC6ADFFB /* Pods-ParstagramTests.release.xcconfig */;
			buildSettings = {
				ALWAYS_EMBED_SWIFT_STANDARD_LIBRARIES = YES;
				BUNDLE_LOADER = "$(TEST_HOST)";
				CODE_SIGN_STYLE = Automatic;
				INFOPLIST_FILE = ParstagramTests/Info.plist;
				LD_RUNPATH_SEARCH_PATHS = (
					"$(inherited)",
					"@executable_path/Frameworks",
					"@loader_path/Frameworks",
				);
				PRODUCT_BUNDLE_IDENTIFIER = com.leafish.ParstagramTests;
				PRODUCT_NAME = "$(TARGET_NAME)";
				SWIFT_VERSION = 5.0;
				TARGETED_DEVICE_FAMILY = "1,2";
				TEST_HOST = "$(BUILT_PRODUCTS_DIR)/Parstagram.app/Parstagram";
			};
			name = Release;
		};
		04BC92F32288D2ED00B858C8 /* Debug */ = {
			isa = XCBuildConfiguration;
			baseConfigurationReference = 91CE7043F4E0F9D33F1B5961 /* Pods-ParstagramUITests.debug.xcconfig */;
			buildSettings = {
				ALWAYS_EMBED_SWIFT_STANDARD_LIBRARIES = YES;
				CODE_SIGN_STYLE = Automatic;
				INFOPLIST_FILE = ParstagramUITests/Info.plist;
				LD_RUNPATH_SEARCH_PATHS = (
					"$(inherited)",
					"@executable_path/Frameworks",
					"@loader_path/Frameworks",
				);
				PRODUCT_BUNDLE_IDENTIFIER = com.leafish.ParstagramUITests;
				PRODUCT_NAME = "$(TARGET_NAME)";
				SWIFT_VERSION = 5.0;
				TARGETED_DEVICE_FAMILY = "1,2";
				TEST_TARGET_NAME = Parstagram;
			};
			name = Debug;
		};
		04BC92F42288D2ED00B858C8 /* Release */ = {
			isa = XCBuildConfiguration;
			baseConfigurationReference = 4134E7F867503768C554A82D /* Pods-ParstagramUITests.release.xcconfig */;
			buildSettings = {
				ALWAYS_EMBED_SWIFT_STANDARD_LIBRARIES = YES;
				CODE_SIGN_STYLE = Automatic;
				INFOPLIST_FILE = ParstagramUITests/Info.plist;
				LD_RUNPATH_SEARCH_PATHS = (
					"$(inherited)",
					"@executable_path/Frameworks",
					"@loader_path/Frameworks",
				);
				PRODUCT_BUNDLE_IDENTIFIER = com.leafish.ParstagramUITests;
				PRODUCT_NAME = "$(TARGET_NAME)";
				SWIFT_VERSION = 5.0;
				TARGETED_DEVICE_FAMILY = "1,2";
				TEST_TARGET_NAME = Parstagram;
			};
			name = Release;
		};
/* End XCBuildConfiguration section */

/* Begin XCConfigurationList section */
		04BC92BF2288D2E400B858C8 /* Build configuration list for PBXProject "Parstagram" */ = {
			isa = XCConfigurationList;
			buildConfigurations = (
				04BC92EA2288D2ED00B858C8 /* Debug */,
				04BC92EB2288D2ED00B858C8 /* Release */,
			);
			defaultConfigurationIsVisible = 0;
			defaultConfigurationName = Release;
		};
		04BC92EC2288D2ED00B858C8 /* Build configuration list for PBXNativeTarget "Parstagram" */ = {
			isa = XCConfigurationList;
			buildConfigurations = (
				04BC92ED2288D2ED00B858C8 /* Debug */,
				04BC92EE2288D2ED00B858C8 /* Release */,
			);
			defaultConfigurationIsVisible = 0;
			defaultConfigurationName = Release;
		};
		04BC92EF2288D2ED00B858C8 /* Build configuration list for PBXNativeTarget "ParstagramTests" */ = {
			isa = XCConfigurationList;
			buildConfigurations = (
				04BC92F02288D2ED00B858C8 /* Debug */,
				04BC92F12288D2ED00B858C8 /* Release */,
			);
			defaultConfigurationIsVisible = 0;
			defaultConfigurationName = Release;
		};
		04BC92F22288D2ED00B858C8 /* Build configuration list for PBXNativeTarget "ParstagramUITests" */ = {
			isa = XCConfigurationList;
			buildConfigurations = (
				04BC92F32288D2ED00B858C8 /* Debug */,
				04BC92F42288D2ED00B858C8 /* Release */,
			);
			defaultConfigurationIsVisible = 0;
			defaultConfigurationName = Release;
		};
/* End XCConfigurationList section */
	};
	rootObject = 04BC92BC2288D2E300B858C8 /* Project object */;
}
